
Microsoft Visual Studio Solution File, Format Version 12.00
# Visual Studio Version 17
VisualStudioVersion = 17.5.33424.131
MinimumVisualStudioVersion = 10.0.40219.1
Project("{FAE04EC0-301F-11D3-BF4B-00C04F79EFBC}") = "Pizzacase client", "Pizzacase client\Pizzacase client.csproj", "{F1C3A8A7-56F7-4C7B-BAB0-A0BA565063BD}"
EndProject
Global
	GlobalSection(SolutionConfigurationPlatforms) = preSolution
		Debug|Any CPU = Debug|Any CPU
		Release|Any CPU = Release|Any CPU
	EndGlobalSection
	GlobalSection(ProjectConfigurationPlatforms) = postSolution
		{F1C3A8A7-56F7-4C7B-BAB0-A0BA565063BD}.Debug|Any CPU.ActiveCfg = Debug|Any CPU
		{F1C3A8A7-56F7-4C7B-BAB0-A0BA565063BD}.Debug|Any CPU.Build.0 = Debug|Any CPU
		{F1C3A8A7-56F7-4C7B-BAB0-A0BA565063BD}.Release|Any CPU.ActiveCfg = Release|Any CPU
		{F1C3A8A7-56F7-4C7B-BAB0-A0BA565063BD}.Release|Any CPU.Build.0 = Release|Any CPU
	EndGlobalSection
	GlobalSection(SolutionProperties) = preSolution
		HideSolutionNode = FALSE
	EndGlobalSection
	GlobalSection(ExtensibilityGlobals) = postSolution
		SolutionGuid = {EFAFE66B-5263-43A5-A933-91365EDB977F}
	EndGlobalSection
EndGlobal
