
Microsoft Visual Studio Solution File, Format Version 12.00
# Visual Studio Version 17
VisualStudioVersion = 17.5.33424.131
MinimumVisualStudioVersion = 10.0.40219.1
Project("{FAE04EC0-301F-11D3-BF4B-00C04F79EFBC}") = "PizzacaseServerSite", "PizzacaseServerSite.csproj", "{E7D74EF5-7051-4D80-998B-E53D3FFA7FB5}"
EndProject
Global
	GlobalSection(SolutionConfigurationPlatforms) = preSolution
		Debug|Any CPU = Debug|Any CPU
		Release|Any CPU = Release|Any CPU
	EndGlobalSection
	GlobalSection(ProjectConfigurationPlatforms) = postSolution
		{E7D74EF5-7051-4D80-998B-E53D3FFA7FB5}.Debug|Any CPU.ActiveCfg = Debug|Any CPU
		{E7D74EF5-7051-4D80-998B-E53D3FFA7FB5}.Debug|Any CPU.Build.0 = Debug|Any CPU
		{E7D74EF5-7051-4D80-998B-E53D3FFA7FB5}.Release|Any CPU.ActiveCfg = Release|Any CPU
		{E7D74EF5-7051-4D80-998B-E53D3FFA7FB5}.Release|Any CPU.Build.0 = Release|Any CPU
	EndGlobalSection
	GlobalSection(SolutionProperties) = preSolution
		HideSolutionNode = FALSE
	EndGlobalSection
	GlobalSection(ExtensibilityGlobals) = postSolution
		SolutionGuid = {82575454-1C64-44C6-B975-8843308ED855}
	EndGlobalSection
EndGlobal
