
Microsoft Visual Studio Solution File, Format Version 12.00
# Visual Studio Version 17
VisualStudioVersion = 17.5.33424.131
MinimumVisualStudioVersion = 10.0.40219.1
Project("{9A19103F-16F7-4668-BE54-9A1E7A4F7556}") = "ServerSide", "ServerSide.csproj", "{6FCCEB40-7231-4A98-9B09-6AD0C4359285}"
EndProject
Global
	GlobalSection(SolutionConfigurationPlatforms) = preSolution
		Debug|Any CPU = Debug|Any CPU
		Release|Any CPU = Release|Any CPU
	EndGlobalSection
	GlobalSection(ProjectConfigurationPlatforms) = postSolution
		{6FCCEB40-7231-4A98-9B09-6AD0C4359285}.Debug|Any CPU.ActiveCfg = Debug|Any CPU
		{6FCCEB40-7231-4A98-9B09-6AD0C4359285}.Debug|Any CPU.Build.0 = Debug|Any CPU
		{6FCCEB40-7231-4A98-9B09-6AD0C4359285}.Release|Any CPU.ActiveCfg = Release|Any CPU
		{6FCCEB40-7231-4A98-9B09-6AD0C4359285}.Release|Any CPU.Build.0 = Release|Any CPU
	EndGlobalSection
	GlobalSection(SolutionProperties) = preSolution
		HideSolutionNode = FALSE
	EndGlobalSection
	GlobalSection(ExtensibilityGlobals) = postSolution
		SolutionGuid = {774C8286-6ABF-4329-9643-5D5B8E57C6F7}
	EndGlobalSection
EndGlobal
