
Microsoft Visual Studio Solution File, Format Version 12.00
# Visual Studio Version 17
VisualStudioVersion = 17.5.33516.290
MinimumVisualStudioVersion = 10.0.40219.1
Project("{FAE04EC0-301F-11D3-BF4B-00C04F79EFBC}") = "MessageSender", "MessageSender.csproj", "{71049A5B-077C-498A-B580-5E8A60CFFAF2}"
EndProject
Global
	GlobalSection(SolutionConfigurationPlatforms) = preSolution
		Debug|Any CPU = Debug|Any CPU
		Release|Any CPU = Release|Any CPU
	EndGlobalSection
	GlobalSection(ProjectConfigurationPlatforms) = postSolution
		{71049A5B-077C-498A-B580-5E8A60CFFAF2}.Debug|Any CPU.ActiveCfg = Debug|Any CPU
		{71049A5B-077C-498A-B580-5E8A60CFFAF2}.Debug|Any CPU.Build.0 = Debug|Any CPU
		{71049A5B-077C-498A-B580-5E8A60CFFAF2}.Release|Any CPU.ActiveCfg = Release|Any CPU
		{71049A5B-077C-498A-B580-5E8A60CFFAF2}.Release|Any CPU.Build.0 = Release|Any CPU
	EndGlobalSection
	GlobalSection(SolutionProperties) = preSolution
		HideSolutionNode = FALSE
	EndGlobalSection
	GlobalSection(ExtensibilityGlobals) = postSolution
		SolutionGuid = {E0DDE5D8-39A3-4EC9-94A1-0CE5B63E0835}
	EndGlobalSection
EndGlobal
